
Microsoft Visual Studio Solution File, Format Version 12.00
# Visual Studio 14
VisualStudioVersion = 14.0.24720.0
MinimumVisualStudioVersion = 10.0.40219.1
Project("{FAE04EC0-301F-11D3-BF4B-00C04F79EFBC}") = "TriangleCoordinates", "TriangleCoordinates\TriangleCoordinates.csproj", "{50F041B0-BC0E-44EE-9B66-2279ABD3B435}"
EndProject
Project("{FAE04EC0-301F-11D3-BF4B-00C04F79EFBC}") = "TriangleCoordinates.Test", "TriangleCoordinates.Test\TriangleCoordinates.Test.csproj", "{0F666C0D-E450-437C-AE8B-0F956E86ABF2}"
EndProject
Project("{FAE04EC0-301F-11D3-BF4B-00C04F79EFBC}") = "TriangleCoordinates.ConsoleApp", "TriangleCoordinates.ConsoleApp\TriangleCoordinates.ConsoleApp.csproj", "{FC48F2CD-C182-45A4-A61A-1ABC6A18977F}"
EndProject
Global
	GlobalSection(SolutionConfigurationPlatforms) = preSolution
		Debug|Any CPU = Debug|Any CPU
		Release|Any CPU = Release|Any CPU
	EndGlobalSection
	GlobalSection(ProjectConfigurationPlatforms) = postSolution
		{50F041B0-BC0E-44EE-9B66-2279ABD3B435}.Debug|Any CPU.ActiveCfg = Debug|Any CPU
		{50F041B0-BC0E-44EE-9B66-2279ABD3B435}.Debug|Any CPU.Build.0 = Debug|Any CPU
		{50F041B0-BC0E-44EE-9B66-2279ABD3B435}.Release|Any CPU.ActiveCfg = Release|Any CPU
		{50F041B0-BC0E-44EE-9B66-2279ABD3B435}.Release|Any CPU.Build.0 = Release|Any CPU
		{0F666C0D-E450-437C-AE8B-0F956E86ABF2}.Debug|Any CPU.ActiveCfg = Debug|Any CPU
		{0F666C0D-E450-437C-AE8B-0F956E86ABF2}.Debug|Any CPU.Build.0 = Debug|Any CPU
		{0F666C0D-E450-437C-AE8B-0F956E86ABF2}.Release|Any CPU.ActiveCfg = Release|Any CPU
		{0F666C0D-E450-437C-AE8B-0F956E86ABF2}.Release|Any CPU.Build.0 = Release|Any CPU
		{FC48F2CD-C182-45A4-A61A-1ABC6A18977F}.Debug|Any CPU.ActiveCfg = Debug|Any CPU
		{FC48F2CD-C182-45A4-A61A-1ABC6A18977F}.Debug|Any CPU.Build.0 = Debug|Any CPU
		{FC48F2CD-C182-45A4-A61A-1ABC6A18977F}.Release|Any CPU.ActiveCfg = Release|Any CPU
		{FC48F2CD-C182-45A4-A61A-1ABC6A18977F}.Release|Any CPU.Build.0 = Release|Any CPU
	EndGlobalSection
	GlobalSection(SolutionProperties) = preSolution
		HideSolutionNode = FALSE
	EndGlobalSection
EndGlobal
